{
  "requires": true,
  "lockfileVersion": 1,
  "dependencies": {
    "@material/layout-grid": {
      "version": "0.40.1",
      "resolved": "https://registry.npmjs.org/@material/layout-grid/-/layout-grid-0.40.1.tgz",
      "integrity": "sha512-Fd/bhxGWuS1VlaXWzVBBg3ssyqjCbxhGJrZfNeepY1dth/6PCTOm4DPuo7nFDELp3JiI9Aob5JtxmdbQ+ahNZw=="
    }
  }
}
